<Solution>
  <Folder Name="/Solution Items/">
    <File Path="README.md" />
  </Folder>
  <Folder Name="/src/">
    <Project Path="src/StocksApp.Core/StocksApp.Core.csproj" />
    <Project Path="src/StocksApp.Infrastructure/StocksApp.Infrastructure.csproj" />
    <Project Path="src/StocksApp.UI/StocksApp.UI.csproj" />
  </Folder>
  <Folder Name="/tests/">
    <Project Path="tests/StocksApp.ControllerTests/StocksApp.ControllerTests.csproj" />
    <Project Path="tests/StocksApp.IntegrationTests/StocksApp.IntegrationTests.csproj" />
    <Project Path="tests/StocksApp.ServiceTests/StocksApp.ServiceTests.csproj" />
  </Folder>
</Solution>
